
Microsoft Visual Studio Solution File, Format Version 12.00
# Visual Studio Version 17
VisualStudioVersion = 17.14.36623.8 d17.14
MinimumVisualStudioVersion = 10.0.40219.1
Project("{8BC9CEB8-8B4A-11D0-8D11-00A0C91BC942}") = "Project2", "Project2\Project2.vcxproj", "{C3CDB4EB-248E-40CA-9278-75A7A1429DFB}"
EndProject
Global
	GlobalSection(SolutionConfigurationPlatforms) = preSolution
		Debug|x64 = Debug|x64
		Debug|x86 = Debug|x86
		Release|x64 = Release|x64
		Release|x86 = Release|x86
	EndGlobalSection
	GlobalSection(ProjectConfigurationPlatforms) = postSolution
		{C3CDB4EB-248E-40CA-9278-75A7A1429DFB}.Debug|x64.ActiveCfg = Debug|x64
		{C3CDB4EB-248E-40CA-9278-75A7A1429DFB}.Debug|x64.Build.0 = Debug|x64
		{C3CDB4EB-248E-40CA-9278-75A7A1429DFB}.Debug|x86.ActiveCfg = Debug|Win32
		{C3CDB4EB-248E-40CA-9278-75A7A1429DFB}.Debug|x86.Build.0 = Debug|Win32
		{C3CDB4EB-248E-40CA-9278-75A7A1429DFB}.Release|x64.ActiveCfg = Release|x64
		{C3CDB4EB-248E-40CA-9278-75A7A1429DFB}.Release|x64.Build.0 = Release|x64
		{C3CDB4EB-248E-40CA-9278-75A7A1429DFB}.Release|x86.ActiveCfg = Release|Win32
		{C3CDB4EB-248E-40CA-9278-75A7A1429DFB}.Release|x86.Build.0 = Release|Win32
	EndGlobalSection
	GlobalSection(SolutionProperties) = preSolution
		HideSolutionNode = FALSE
	EndGlobalSection
	GlobalSection(ExtensibilityGlobals) = postSolution
		SolutionGuid = {669A78E0-3AA1-4B96-9270-E704380FFDDF}
	EndGlobalSection
EndGlobal
